
Microsoft Visual Studio Solution File, Format Version 12.00
# Visual Studio 2013
VisualStudioVersion = 12.0.21005.1
MinimumVisualStudioVersion = 10.0.40219.1
Project("{FAE04EC0-301F-11D3-BF4B-00C04F79EFBC}") = "HomeworkLSP", "HomeworkLSP\HomeworkLSP.csproj", "{E0946011-0E71-4C97-856D-103165F55091}"
EndProject
Global
	GlobalSection(SolutionConfigurationPlatforms) = preSolution
		Debug|Any CPU = Debug|Any CPU
		Release|Any CPU = Release|Any CPU
	EndGlobalSection
	GlobalSection(ProjectConfigurationPlatforms) = postSolution
		{E0946011-0E71-4C97-856D-103165F55091}.Debug|Any CPU.ActiveCfg = Debug|Any CPU
		{E0946011-0E71-4C97-856D-103165F55091}.Debug|Any CPU.Build.0 = Debug|Any CPU
		{E0946011-0E71-4C97-856D-103165F55091}.Release|Any CPU.ActiveCfg = Release|Any CPU
		{E0946011-0E71-4C97-856D-103165F55091}.Release|Any CPU.Build.0 = Release|Any CPU
	EndGlobalSection
	GlobalSection(SolutionProperties) = preSolution
		HideSolutionNode = FALSE
	EndGlobalSection
EndGlobal
